
Microsoft Visual Studio Solution File, Format Version 12.00
# Visual Studio Version 17
VisualStudioVersion = 17.5.33530.505
MinimumVisualStudioVersion = 10.0.40219.1
Project("{FAE04EC0-301F-11D3-BF4B-00C04F79EFBC}") = "Stacks_and_Queues", "Stacks_and_Queues\Stacks_and_Queues.csproj", "{97FE760D-178A-4A5D-8AC8-696BF83256BB}"
EndProject
Global
	GlobalSection(SolutionConfigurationPlatforms) = preSolution
		Debug|Any CPU = Debug|Any CPU
		Release|Any CPU = Release|Any CPU
	EndGlobalSection
	GlobalSection(ProjectConfigurationPlatforms) = postSolution
		{97FE760D-178A-4A5D-8AC8-696BF83256BB}.Debug|Any CPU.ActiveCfg = Debug|Any CPU
		{97FE760D-178A-4A5D-8AC8-696BF83256BB}.Debug|Any CPU.Build.0 = Debug|Any CPU
		{97FE760D-178A-4A5D-8AC8-696BF83256BB}.Release|Any CPU.ActiveCfg = Release|Any CPU
		{97FE760D-178A-4A5D-8AC8-696BF83256BB}.Release|Any CPU.Build.0 = Release|Any CPU
	EndGlobalSection
	GlobalSection(SolutionProperties) = preSolution
		HideSolutionNode = FALSE
	EndGlobalSection
	GlobalSection(ExtensibilityGlobals) = postSolution
		SolutionGuid = {DA21EDBF-E868-4C8F-83C9-5E4A40B66823}
	EndGlobalSection
EndGlobal
